
Microsoft Visual Studio Solution File, Format Version 12.00
# Visual Studio Version 16
VisualStudioVersion = 16.0.30717.126
MinimumVisualStudioVersion = 10.0.40219.1
Project("{FAE04EC0-301F-11D3-BF4B-00C04F79EFBC}") = "CompositeModelBinding", "CompositeModelBinding\CompositeModelBinding.csproj", "{C8F28DED-4377-4E6B-B3B0-9BE47427A506}"
EndProject
Project("{2150E333-8FDC-42A3-9474-1A3956D46DE8}") = "Solution Items", "Solution Items", "{E7806493-F2D0-42C2-8777-2F3436141545}"
	ProjectSection(SolutionItems) = preProject
		.dockerignore = .dockerignore
		.gitignore = .gitignore
		LICENSE = LICENSE
		README.md = README.md
	EndProjectSection
EndProject
Global
	GlobalSection(SolutionConfigurationPlatforms) = preSolution
		Debug|Any CPU = Debug|Any CPU
		Release|Any CPU = Release|Any CPU
	EndGlobalSection
	GlobalSection(ProjectConfigurationPlatforms) = postSolution
		{C8F28DED-4377-4E6B-B3B0-9BE47427A506}.Debug|Any CPU.ActiveCfg = Debug|Any CPU
		{C8F28DED-4377-4E6B-B3B0-9BE47427A506}.Debug|Any CPU.Build.0 = Debug|Any CPU
		{C8F28DED-4377-4E6B-B3B0-9BE47427A506}.Release|Any CPU.ActiveCfg = Release|Any CPU
		{C8F28DED-4377-4E6B-B3B0-9BE47427A506}.Release|Any CPU.Build.0 = Release|Any CPU
	EndGlobalSection
	GlobalSection(SolutionProperties) = preSolution
		HideSolutionNode = FALSE
	EndGlobalSection
	GlobalSection(ExtensibilityGlobals) = postSolution
		SolutionGuid = {2D635A12-6133-4AC7-9818-C1AD41C621F6}
	EndGlobalSection
EndGlobal
